// !$*UTF8*$!
{
	archiveVersion = 1;
	classes = {
	};
	objectVersion = 77;
	objects = {

/* Begin PBXBuildFile section */
		CB1C107A2F23B82F00B74CD8 /* NetworkExtension.framework in Frameworks */ = {isa = PBXBuildFile; fileRef = CB1C10792F23B82F00B74CD8 /* NetworkExtension.framework */; };
		CB1C10822F23B82F00B74CD8 /* Anywhere Network Extension.appex in Embed Foundation Extensions */ = {isa = PBXBuildFile; fileRef = CB1C10772F23B82F00B74CD8 /* Anywhere Network Extension.appex */; settings = {ATTRIBUTES = (RemoveHeadersOnCopy, ); }; };
		CB2B54B22F6C3E2800F24AC2 /* Anywhere Network Extension.appex in Embed Foundation Extensions */ = {isa = PBXBuildFile; fileRef = CB1C10772F23B82F00B74CD8 /* Anywhere Network Extension.appex */; settings = {ATTRIBUTES = (RemoveHeadersOnCopy, ); }; };
		CB2B9C922F77722600F24AC2 /* BLAKE3 in Frameworks */ = {isa = PBXBuildFile; productRef = CB2B9C912F77722600F24AC2 /* BLAKE3 */; };
		CB2B9C942F77724D00F24AC2 /* BLAKE3 in Frameworks */ = {isa = PBXBuildFile; productRef = CB2B9C932F77724D00F24AC2 /* BLAKE3 */; };
		CB2B9C962F77725900F24AC2 /* BLAKE3 in Frameworks */ = {isa = PBXBuildFile; productRef = CB2B9C952F77725900F24AC2 /* BLAKE3 */; };
		CB2BA8542F7821F400F24AC2 /* YAML in Frameworks */ = {isa = PBXBuildFile; productRef = CB2BA8532F7821F400F24AC2 /* YAML */; };
		CB2BA8562F78220C00F24AC2 /* YAML in Frameworks */ = {isa = PBXBuildFile; productRef = CB2BA8552F78220C00F24AC2 /* YAML */; };
		CB71CDC52F837D11002B9E1D /* WidgetKit.framework in Frameworks */ = {isa = PBXBuildFile; fileRef = CB71CDC42F837D11002B9E1D /* WidgetKit.framework */; };
		CB71CDC72F837D11002B9E1D /* SwiftUI.framework in Frameworks */ = {isa = PBXBuildFile; fileRef = CB71CDC62F837D11002B9E1D /* SwiftUI.framework */; };
		CB71CDD42F837D11002B9E1D /* Anywhere Widget.appex in Embed Foundation Extensions */ = {isa = PBXBuildFile; fileRef = CB71CDC32F837D11002B9E1D /* Anywhere Widget.appex */; settings = {ATTRIBUTES = (RemoveHeadersOnCopy, ); }; };
/* End PBXBuildFile section */

/* Begin PBXContainerItemProxy section */
		CB1C10802F23B82F00B74CD8 /* PBXContainerItemProxy */ = {
			isa = PBXContainerItemProxy;
			containerPortal = CB1C105D2F23B81500B74CD8 /* Project object */;
			proxyType = 1;
			remoteGlobalIDString = CB1C10762F23B82F00B74CD8;
			remoteInfo = "Network Extension";
		};
		CB2B54B02F6C3E2800F24AC2 /* PBXContainerItemProxy */ = {
			isa = PBXContainerItemProxy;
			containerPortal = CB1C105D2F23B81500B74CD8 /* Project object */;
			proxyType = 1;
			remoteGlobalIDString = CB1C10762F23B82F00B74CD8;
			remoteInfo = "Network Extension";
		};
		CB71CDD22F837D11002B9E1D /* PBXContainerItemProxy */ = {
			isa = PBXContainerItemProxy;
			containerPortal = CB1C105D2F23B81500B74CD8 /* Project object */;
			proxyType = 1;
			remoteGlobalIDString = CB71CDC22F837D11002B9E1D;
			remoteInfo = WidgetExtension;
		};
/* End PBXContainerItemProxy section */

/* Begin PBXCopyFilesBuildPhase section */
		CB1C10872F23B82F00B74CD8 /* Embed Foundation Extensions */ = {
			isa = PBXCopyFilesBuildPhase;
			buildActionMask = 2147483647;
			dstPath = "";
			dstSubfolderSpec = 13;
			files = (
				CB71CDD42F837D11002B9E1D /* Anywhere Widget.appex in Embed Foundation Extensions */,
				CB1C10822F23B82F00B74CD8 /* Anywhere Network Extension.appex in Embed Foundation Extensions */,
			);
			name = "Embed Foundation Extensions";
			runOnlyForDeploymentPostprocessing = 0;
		};
		CB2B54B32F6C3E2800F24AC2 /* Embed Foundation Extensions */ = {
			isa = PBXCopyFilesBuildPhase;
			buildActionMask = 2147483647;
			dstPath = "";
			dstSubfolderSpec = 13;
			files = (
				CB2B54B22F6C3E2800F24AC2 /* Anywhere Network Extension.appex in Embed Foundation Extensions */,
			);
			name = "Embed Foundation Extensions";
			runOnlyForDeploymentPostprocessing = 0;
		};
/* End PBXCopyFilesBuildPhase section */

/* Begin PBXFileReference section */
		CB1C10652F23B81500B74CD8 /* Anywhere.app */ = {isa = PBXFileReference; explicitFileType = wrapper.application; includeInIndex = 0; path = Anywhere.app; sourceTree = BUILT_PRODUCTS_DIR; };
		CB1C10772F23B82F00B74CD8 /* Anywhere Network Extension.appex */ = {isa = PBXFileReference; explicitFileType = "wrapper.app-extension"; includeInIndex = 0; path = "Anywhere Network Extension.appex"; sourceTree = BUILT_PRODUCTS_DIR; };
		CB1C10792F23B82F00B74CD8 /* NetworkExtension.framework */ = {isa = PBXFileReference; lastKnownFileType = wrapper.framework; name = NetworkExtension.framework; path = System/Library/Frameworks/NetworkExtension.framework; sourceTree = SDKROOT; };
		CB2B549C2F6C3E2700F24AC2 /* Anywhere TV.app */ = {isa = PBXFileReference; explicitFileType = wrapper.application; includeInIndex = 0; path = "Anywhere TV.app"; sourceTree = BUILT_PRODUCTS_DIR; };
		CB71CDC32F837D11002B9E1D /* Anywhere Widget.appex */ = {isa = PBXFileReference; explicitFileType = "wrapper.app-extension"; includeInIndex = 0; path = "Anywhere Widget.appex"; sourceTree = BUILT_PRODUCTS_DIR; };
		CB71CDC42F837D11002B9E1D /* WidgetKit.framework */ = {isa = PBXFileReference; lastKnownFileType = wrapper.framework; name = WidgetKit.framework; path = System/Library/Frameworks/WidgetKit.framework; sourceTree = SDKROOT; };
		CB71CDC62F837D11002B9E1D /* SwiftUI.framework */ = {isa = PBXFileReference; lastKnownFileType = wrapper.framework; name = SwiftUI.framework; path = System/Library/Frameworks/SwiftUI.framework; sourceTree = SDKROOT; };
/* End PBXFileReference section */

/* Begin PBXFileSystemSynchronizedBuildFileExceptionSet section */
		CB1C10832F23B82F00B74CD8 /* Exceptions for "Anywhere Network Extension" folder in "Anywhere Network Extension" target */ = {
			isa = PBXFileSystemSynchronizedBuildFileExceptionSet;
			membershipExceptions = (
				Info.plist,
			);
			target = CB1C10762F23B82F00B74CD8 /* Anywhere Network Extension */;
		};
		CB650E422F6307AF00C85E4A /* Exceptions for "Protocols" folder in "Anywhere Network Extension" target */ = {
			isa = PBXFileSystemSynchronizedBuildFileExceptionSet;
			membershipExceptions = (
				Core/ProxyClient.swift,
				Core/ProxyConfiguration.swift,
				"Core/ProxyConfiguration+DictParsing.swift",
				"Core/ProxyConfiguration+URLExport.swift",
				"Core/ProxyConfiguration+URLParsing.swift",
				Core/ProxyConnection.swift,
				Core/ProxyUserAgent.swift,
				Core/TunneledTransport.swift,
				Core/UDPFraming.swift,
				Direct/DirectProxyConnection.swift,
				Direct/DirectTCPRelay.swift,
				Direct/DirectUDPRelay.swift,
				HTTPUpgrade/HTTPUpgradeConfiguration.swift,
				HTTPUpgrade/HTTPUpgradeConnection.swift,
				HTTPUpgrade/HTTPUpgradeProxyConnection.swift,
				Mux/MuxClient.swift,
				Mux/MuxFrame.swift,
				Mux/MuxManager.swift,
				Mux/MuxSession.swift,
				Mux/XUDP.swift,
				Naive/HTTP2/HPACKEncoder.swift,
				Naive/HTTP2/HTTP2Connection.swift,
				Naive/HTTP2/HTTP2FlowControl.swift,
				Naive/HTTP2/HTTP2Framer.swift,
				Naive/HTTP2/HTTP2Session.swift,
				Naive/HTTP2/HTTP2SessionPool.swift,
				Naive/HTTP2/HTTP2Stream.swift,
				Naive/HTTP11/HTTP11Connection.swift,
				Naive/NaiveConfiguration.swift,
				Naive/NaivePaddingFramer.swift,
				Naive/NaivePaddingNegotiator.swift,
				Naive/NaiveProxyConnection.swift,
				Naive/NaiveTLSTransport.swift,
				Reality/RealityClient.swift,
				Reality/RealityConfiguration.swift,
				Reality/RealityProxyConnection.swift,
				Reality/TLS13KeyDerivation.swift,
				Reality/TLSClientHelloBuilder.swift,
				Reality/TLSRecordConnection.swift,
				Reality/TLSRecordCrypto.swift,
				Shadowsocks/Shadowsocks2022.swift,
				Shadowsocks/ShadowsocksAEAD.swift,
				Shadowsocks/ShadowsocksConnection.swift,
				Shadowsocks/ShadowsocksProtocol.swift,
				Shadowsocks/ShadowsocksUDPRelay.swift,
				SOCKS5/SOCKS5Connection.swift,
				TLS/TLS12KeyDerivation.swift,
				TLS/TLSClient.swift,
				TLS/TLSConfiguration.swift,
				TLS/TLSProxyConnection.swift,
				VLESS/VLESSProtocol.swift,
				VLESS/VLESSVision.swift,
				WebSocket/WebSocketConfiguration.swift,
				WebSocket/WebSocketConnection.swift,
				WebSocket/WebSocketProxyConnection.swift,
				XHTTP/XHTTPChunkedTransfer.swift,
				XHTTP/XHTTPConfiguration.swift,
				XHTTP/XHTTPConnection.swift,
				"XHTTP/XHTTPConnection+H2.swift",
				"XHTTP/XHTTPConnection+H2Transport.swift",
				"XHTTP/XHTTPConnection+HTTP11.swift",
				XHTTP/XHTTPProxyConnection.swift,
			);
			target = CB1C10762F23B82F00B74CD8 /* Anywhere Network Extension */;
		};
		CB65476A2F65715600C85E4A /* Exceptions for "Shared" folder in "Anywhere Network Extension" target */ = {
			isa = PBXFileSystemSynchronizedBuildFileExceptionSet;
			membershipExceptions = (
				AWCore.swift,
				Blake3/Blake3Hasher.swift,
			);
			target = CB1C10762F23B82F00B74CD8 /* Anywhere Network Extension */;
		};
		CB71CDD82F837D11002B9E1D /* Exceptions for "Anywhere Widget" folder in "Anywhere Widget" target */ = {
			isa = PBXFileSystemSynchronizedBuildFileExceptionSet;
			membershipExceptions = (
				Info.plist,
			);
			target = CB71CDC22F837D11002B9E1D /* Anywhere Widget */;
		};
		CB71D2EE2F838FF3002B9E1D /* Exceptions for "Shared" folder in "Anywhere Widget" target */ = {
			isa = PBXFileSystemSynchronizedBuildFileExceptionSet;
			membershipExceptions = (
				Localizable.xcstrings,
			);
			target = CB71CDC22F837D11002B9E1D /* Anywhere Widget */;
		};
		CBE5B8662F62E736003CECEF /* Exceptions for "Anywhere" folder in "Anywhere" target */ = {
			isa = PBXFileSystemSynchronizedBuildFileExceptionSet;
			membershipExceptions = (
				Info.plist,
			);
			target = CB1C10642F23B81500B74CD8 /* Anywhere */;
		};
		CBE5F58E2F6D0A74003CECEF /* Exceptions for "Anywhere TV" folder in "Anywhere TV" target */ = {
			isa = PBXFileSystemSynchronizedBuildFileExceptionSet;
			membershipExceptions = (
				Info.plist,
			);
			target = CB2B549B2F6C3E2700F24AC2 /* Anywhere TV */;
		};
/* End PBXFileSystemSynchronizedBuildFileExceptionSet section */

/* Begin PBXFileSystemSynchronizedRootGroup section */
		CB1C10672F23B81500B74CD8 /* Anywhere */ = {
			isa = PBXFileSystemSynchronizedRootGroup;
			exceptions = (
				CBE5B8662F62E736003CECEF /* Exceptions for "Anywhere" folder in "Anywhere" target */,
			);
			path = Anywhere;
			sourceTree = "<group>";
		};
		CB1C107B2F23B82F00B74CD8 /* Anywhere Network Extension */ = {
			isa = PBXFileSystemSynchronizedRootGroup;
			exceptions = (
				CB1C10832F23B82F00B74CD8 /* Exceptions for "Anywhere Network Extension" folder in "Anywhere Network Extension" target */,
			);
			path = "Anywhere Network Extension";
			sourceTree = "<group>";
		};
		CB2B549D2F6C3E2700F24AC2 /* Anywhere TV */ = {
			isa = PBXFileSystemSynchronizedRootGroup;
			exceptions = (
				CBE5F58E2F6D0A74003CECEF /* Exceptions for "Anywhere TV" folder in "Anywhere TV" target */,
			);
			path = "Anywhere TV";
			sourceTree = "<group>";
		};
		CB650DD92F6307AF00C85E4A /* Protocols */ = {
			isa = PBXFileSystemSynchronizedRootGroup;
			exceptions = (
				CB650E422F6307AF00C85E4A /* Exceptions for "Protocols" folder in "Anywhere Network Extension" target */,
			);
			path = Protocols;
			sourceTree = "<group>";
		};
		CB71CDC82F837D11002B9E1D /* Anywhere Widget */ = {
			isa = PBXFileSystemSynchronizedRootGroup;
			exceptions = (
				CB71CDD82F837D11002B9E1D /* Exceptions for "Anywhere Widget" folder in "Anywhere Widget" target */,
			);
			path = "Anywhere Widget";
			sourceTree = "<group>";
		};
		CB7A00022F65700100C85E4A /* Shared */ = {
			isa = PBXFileSystemSynchronizedRootGroup;
			exceptions = (
				CB65476A2F65715600C85E4A /* Exceptions for "Shared" folder in "Anywhere Network Extension" target */,
				CB71D2EE2F838FF3002B9E1D /* Exceptions for "Shared" folder in "Anywhere Widget" target */,
			);
			path = Shared;
			sourceTree = "<group>";
		};
		CBDC12652F271BD50021FDA0 /* General */ = {
			isa = PBXFileSystemSynchronizedRootGroup;
			path = General;
			sourceTree = "<group>";
		};
/* End PBXFileSystemSynchronizedRootGroup section */

/* Begin PBXFrameworksBuildPhase section */
		CB1C10622F23B81500B74CD8 /* Frameworks */ = {
			isa = PBXFrameworksBuildPhase;
			buildActionMask = 2147483647;
			files = (
				CB2B9C942F77724D00F24AC2 /* BLAKE3 in Frameworks */,
				CB2BA8542F7821F400F24AC2 /* YAML in Frameworks */,
			);
			runOnlyForDeploymentPostprocessing = 0;
		};
		CB1C10742F23B82F00B74CD8 /* Frameworks */ = {
			isa = PBXFrameworksBuildPhase;
			buildActionMask = 2147483647;
			files = (
				CB2B9C922F77722600F24AC2 /* BLAKE3 in Frameworks */,
				CB1C107A2F23B82F00B74CD8 /* NetworkExtension.framework in Frameworks */,
			);
			runOnlyForDeploymentPostprocessing = 0;
		};
		CB2B54992F6C3E2700F24AC2 /* Frameworks */ = {
			isa = PBXFrameworksBuildPhase;
			buildActionMask = 2147483647;
			files = (
				CB2B9C962F77725900F24AC2 /* BLAKE3 in Frameworks */,
				CB2BA8562F78220C00F24AC2 /* YAML in Frameworks */,
			);
			runOnlyForDeploymentPostprocessing = 0;
		};
		CB71CDC02F837D11002B9E1D /* Frameworks */ = {
			isa = PBXFrameworksBuildPhase;
			buildActionMask = 2147483647;
			files = (
				CB71CDC72F837D11002B9E1D /* SwiftUI.framework in Frameworks */,
				CB71CDC52F837D11002B9E1D /* WidgetKit.framework in Frameworks */,
			);
			runOnlyForDeploymentPostprocessing = 0;
		};
/* End PBXFrameworksBuildPhase section */

/* Begin PBXGroup section */
		CB1C105C2F23B81500B74CD8 = {
			isa = PBXGroup;
			children = (
				CB7A00022F65700100C85E4A /* Shared */,
				CBDC12652F271BD50021FDA0 /* General */,
				CB650DD92F6307AF00C85E4A /* Protocols */,
				CB1C10672F23B81500B74CD8 /* Anywhere */,
				CB2B549D2F6C3E2700F24AC2 /* Anywhere TV */,
				CB1C107B2F23B82F00B74CD8 /* Anywhere Network Extension */,
				CB71CDC82F837D11002B9E1D /* Anywhere Widget */,
				CB1C10782F23B82F00B74CD8 /* Frameworks */,
				CB1C10662F23B81500B74CD8 /* Products */,
			);
			sourceTree = "<group>";
		};
		CB1C10662F23B81500B74CD8 /* Products */ = {
			isa = PBXGroup;
			children = (
				CB1C10652F23B81500B74CD8 /* Anywhere.app */,
				CB1C10772F23B82F00B74CD8 /* Anywhere Network Extension.appex */,
				CB2B549C2F6C3E2700F24AC2 /* Anywhere TV.app */,
				CB71CDC32F837D11002B9E1D /* Anywhere Widget.appex */,
			);
			name = Products;
			sourceTree = "<group>";
		};
		CB1C10782F23B82F00B74CD8 /* Frameworks */ = {
			isa = PBXGroup;
			children = (
				CB1C10792F23B82F00B74CD8 /* NetworkExtension.framework */,
				CB71CDC42F837D11002B9E1D /* WidgetKit.framework */,
				CB71CDC62F837D11002B9E1D /* SwiftUI.framework */,
			);
			name = Frameworks;
			sourceTree = "<group>";
		};
/* End PBXGroup section */

/* Begin PBXNativeTarget section */
		CB1C10642F23B81500B74CD8 /* Anywhere */ = {
			isa = PBXNativeTarget;
			buildConfigurationList = CB1C10702F23B81600B74CD8 /* Build configuration list for PBXNativeTarget "Anywhere" */;
			buildPhases = (
				CB1C10612F23B81500B74CD8 /* Sources */,
				CB1C10622F23B81500B74CD8 /* Frameworks */,
				CB1C10632F23B81500B74CD8 /* Resources */,
				CB1C10872F23B82F00B74CD8 /* Embed Foundation Extensions */,
			);
			buildRules = (
			);
			dependencies = (
				CB1C10812F23B82F00B74CD8 /* PBXTargetDependency */,
				CB71CDD32F837D11002B9E1D /* PBXTargetDependency */,
			);
			fileSystemSynchronizedGroups = (
				CB1C10672F23B81500B74CD8 /* Anywhere */,
				CB650DD92F6307AF00C85E4A /* Protocols */,
				CB7A00022F65700100C85E4A /* Shared */,
				CBDC12652F271BD50021FDA0 /* General */,
			);
			name = Anywhere;
			packageProductDependencies = (
				CB2B9C932F77724D00F24AC2 /* BLAKE3 */,
				CB2BA8532F7821F400F24AC2 /* YAML */,
			);
			productName = Anywhere;
			productReference = CB1C10652F23B81500B74CD8 /* Anywhere.app */;
			productType = "com.apple.product-type.application";
		};
		CB1C10762F23B82F00B74CD8 /* Anywhere Network Extension */ = {
			isa = PBXNativeTarget;
			buildConfigurationList = CB1C10842F23B82F00B74CD8 /* Build configuration list for PBXNativeTarget "Anywhere Network Extension" */;
			buildPhases = (
				CB1C10732F23B82F00B74CD8 /* Sources */,
				CB1C10742F23B82F00B74CD8 /* Frameworks */,
				CB1C10752F23B82F00B74CD8 /* Resources */,
			);
			buildRules = (
			);
			dependencies = (
			);
			fileSystemSynchronizedGroups = (
				CB1C107B2F23B82F00B74CD8 /* Anywhere Network Extension */,
				CBDC12652F271BD50021FDA0 /* General */,
			);
			name = "Anywhere Network Extension";
			packageProductDependencies = (
				CB2B9C912F77722600F24AC2 /* BLAKE3 */,
			);
			productName = "Network Extension";
			productReference = CB1C10772F23B82F00B74CD8 /* Anywhere Network Extension.appex */;
			productType = "com.apple.product-type.app-extension";
		};
		CB2B549B2F6C3E2700F24AC2 /* Anywhere TV */ = {
			isa = PBXNativeTarget;
			buildConfigurationList = CB2B54AA2F6C3E2800F24AC2 /* Build configuration list for PBXNativeTarget "Anywhere TV" */;
			buildPhases = (
				CB2B54982F6C3E2700F24AC2 /* Sources */,
				CB2B54992F6C3E2700F24AC2 /* Frameworks */,
				CB2B549A2F6C3E2700F24AC2 /* Resources */,
				CB2B54B32F6C3E2800F24AC2 /* Embed Foundation Extensions */,
			);
			buildRules = (
			);
			dependencies = (
				CB2B54B12F6C3E2800F24AC2 /* PBXTargetDependency */,
			);
			fileSystemSynchronizedGroups = (
				CB2B549D2F6C3E2700F24AC2 /* Anywhere TV */,
				CB650DD92F6307AF00C85E4A /* Protocols */,
				CB7A00022F65700100C85E4A /* Shared */,
				CBDC12652F271BD50021FDA0 /* General */,
			);
			name = "Anywhere TV";
			packageProductDependencies = (
				CB2B9C952F77725900F24AC2 /* BLAKE3 */,
				CB2BA8552F78220C00F24AC2 /* YAML */,
			);
			productName = Anywhere;
			productReference = CB2B549C2F6C3E2700F24AC2 /* Anywhere TV.app */;
			productType = "com.apple.product-type.application";
		};
		CB71CDC22F837D11002B9E1D /* Anywhere Widget */ = {
			isa = PBXNativeTarget;
			buildConfigurationList = CB71CDD72F837D11002B9E1D /* Build configuration list for PBXNativeTarget "Anywhere Widget" */;
			buildPhases = (
				CB71CDBF2F837D11002B9E1D /* Sources */,
				CB71CDC02F837D11002B9E1D /* Frameworks */,
				CB71CDC12F837D11002B9E1D /* Resources */,
			);
			buildRules = (
			);
			dependencies = (
			);
			fileSystemSynchronizedGroups = (
				CB71CDC82F837D11002B9E1D /* Anywhere Widget */,
			);
			name = "Anywhere Widget";
			packageProductDependencies = (
			);
			productName = WidgetExtension;
			productReference = CB71CDC32F837D11002B9E1D /* Anywhere Widget.appex */;
			productType = "com.apple.product-type.app-extension";
		};
/* End PBXNativeTarget section */

/* Begin PBXProject section */
		CB1C105D2F23B81500B74CD8 /* Project object */ = {
			isa = PBXProject;
			attributes = {
				BuildIndependentTargetsInParallel = 1;
				LastSwiftUpdateCheck = 2600;
				LastUpgradeCheck = 2600;
				TargetAttributes = {
					CB1C10642F23B81500B74CD8 = {
						CreatedOnToolsVersion = 26.0.1;
					};
					CB1C10762F23B82F00B74CD8 = {
						CreatedOnToolsVersion = 26.0.1;
					};
					CB2B549B2F6C3E2700F24AC2 = {
						CreatedOnToolsVersion = 26.0.1;
					};
					CB71CDC22F837D11002B9E1D = {
						CreatedOnToolsVersion = 26.0.1;
					};
				};
			};
			buildConfigurationList = CB1C10602F23B81500B74CD8 /* Build configuration list for PBXProject "Anywhere" */;
			developmentRegion = en;
			hasScannedForEncodings = 0;
			knownRegions = (
				en,
				Base,
				"zh-Hans",
				ar,
				ru,
				es,
				fa,
				tk,
				vi,
				tr,
			);
			mainGroup = CB1C105C2F23B81500B74CD8;
			minimizedProjectReferenceProxies = 1;
			packageReferences = (
				CB2B9C902F77722600F24AC2 /* XCRemoteSwiftPackageReference "BLAKE3" */,
				CB2BA8522F7821F400F24AC2 /* XCRemoteSwiftPackageReference "YAML" */,
			);
			preferredProjectObjectVersion = 77;
			productRefGroup = CB1C10662F23B81500B74CD8 /* Products */;
			projectDirPath = "";
			projectRoot = "";
			targets = (
				CB1C10642F23B81500B74CD8 /* Anywhere */,
				CB2B549B2F6C3E2700F24AC2 /* Anywhere TV */,
				CB1C10762F23B82F00B74CD8 /* Anywhere Network Extension */,
				CB71CDC22F837D11002B9E1D /* Anywhere Widget */,
			);
		};
/* End PBXProject section */

/* Begin PBXResourcesBuildPhase section */
		CB1C10632F23B81500B74CD8 /* Resources */ = {
			isa = PBXResourcesBuildPhase;
			buildActionMask = 2147483647;
			files = (
			);
			runOnlyForDeploymentPostprocessing = 0;
		};
		CB1C10752F23B82F00B74CD8 /* Resources */ = {
			isa = PBXResourcesBuildPhase;
			buildActionMask = 2147483647;
			files = (
			);
			runOnlyForDeploymentPostprocessing = 0;
		};
		CB2B549A2F6C3E2700F24AC2 /* Resources */ = {
			isa = PBXResourcesBuildPhase;
			buildActionMask = 2147483647;
			files = (
			);
			runOnlyForDeploymentPostprocessing = 0;
		};
		CB71CDC12F837D11002B9E1D /* Resources */ = {
			isa = PBXResourcesBuildPhase;
			buildActionMask = 2147483647;
			files = (
			);
			runOnlyForDeploymentPostprocessing = 0;
		};
/* End PBXResourcesBuildPhase section */

/* Begin PBXSourcesBuildPhase section */
		CB1C10612F23B81500B74CD8 /* Sources */ = {
			isa = PBXSourcesBuildPhase;
			buildActionMask = 2147483647;
			files = (
			);
			runOnlyForDeploymentPostprocessing = 0;
		};
		CB1C10732F23B82F00B74CD8 /* Sources */ = {
			isa = PBXSourcesBuildPhase;
			buildActionMask = 2147483647;
			files = (
			);
			runOnlyForDeploymentPostprocessing = 0;
		};
		CB2B54982F6C3E2700F24AC2 /* Sources */ = {
			isa = PBXSourcesBuildPhase;
			buildActionMask = 2147483647;
			files = (
			);
			runOnlyForDeploymentPostprocessing = 0;
		};
		CB71CDBF2F837D11002B9E1D /* Sources */ = {
			isa = PBXSourcesBuildPhase;
			buildActionMask = 2147483647;
			files = (
			);
			runOnlyForDeploymentPostprocessing = 0;
		};
/* End PBXSourcesBuildPhase section */

/* Begin PBXTargetDependency section */
		CB1C10812F23B82F00B74CD8 /* PBXTargetDependency */ = {
			isa = PBXTargetDependency;
			target = CB1C10762F23B82F00B74CD8 /* Anywhere Network Extension */;
			targetProxy = CB1C10802F23B82F00B74CD8 /* PBXContainerItemProxy */;
		};
		CB2B54B12F6C3E2800F24AC2 /* PBXTargetDependency */ = {
			isa = PBXTargetDependency;
			target = CB1C10762F23B82F00B74CD8 /* Anywhere Network Extension */;
			targetProxy = CB2B54B02F6C3E2800F24AC2 /* PBXContainerItemProxy */;
		};
		CB71CDD32F837D11002B9E1D /* PBXTargetDependency */ = {
			isa = PBXTargetDependency;
			target = CB71CDC22F837D11002B9E1D /* Anywhere Widget */;
			targetProxy = CB71CDD22F837D11002B9E1D /* PBXContainerItemProxy */;
		};
/* End PBXTargetDependency section */

/* Begin XCBuildConfiguration section */
		CB1C106E2F23B81600B74CD8 /* Debug */ = {
			isa = XCBuildConfiguration;
			buildSettings = {
				ALWAYS_SEARCH_USER_PATHS = NO;
				ASSETCATALOG_COMPILER_GENERATE_SWIFT_ASSET_SYMBOL_EXTENSIONS = YES;
				CLANG_ANALYZER_NONNULL = YES;
				CLANG_ANALYZER_NUMBER_OBJECT_CONVERSION = YES_AGGRESSIVE;
				CLANG_CXX_LANGUAGE_STANDARD = "gnu++20";
				CLANG_ENABLE_MODULES = YES;
				CLANG_ENABLE_OBJC_ARC = YES;
				CLANG_ENABLE_OBJC_WEAK = YES;
				CLANG_WARN_BLOCK_CAPTURE_AUTORELEASING = YES;
				CLANG_WARN_BOOL_CONVERSION = YES;
				CLANG_WARN_COMMA = YES;
				CLANG_WARN_CONSTANT_CONVERSION = YES;
				CLANG_WARN_DEPRECATED_OBJC_IMPLEMENTATIONS = YES;
				CLANG_WARN_DIRECT_OBJC_ISA_USAGE = YES_ERROR;
				CLANG_WARN_DOCUMENTATION_COMMENTS = YES;
				CLANG_WARN_EMPTY_BODY = YES;
				CLANG_WARN_ENUM_CONVERSION = YES;
				CLANG_WARN_INFINITE_RECURSION = YES;
				CLANG_WARN_INT_CONVERSION = YES;
				CLANG_WARN_NON_LITERAL_NULL_CONVERSION = YES;
				CLANG_WARN_OBJC_IMPLICIT_RETAIN_SELF = YES;
				CLANG_WARN_OBJC_LITERAL_CONVERSION = YES;
				CLANG_WARN_OBJC_ROOT_CLASS = YES_ERROR;
				CLANG_WARN_QUOTED_INCLUDE_IN_FRAMEWORK_HEADER = YES;
				CLANG_WARN_RANGE_LOOP_ANALYSIS = YES;
				CLANG_WARN_STRICT_PROTOTYPES = YES;
				CLANG_WARN_SUSPICIOUS_MOVE = YES;
				CLANG_WARN_UNGUARDED_AVAILABILITY = YES_AGGRESSIVE;
				CLANG_WARN_UNREACHABLE_CODE = YES;
				CLANG_WARN__DUPLICATE_METHOD_MATCH = YES;
				COPY_PHASE_STRIP = NO;
				DEBUG_INFORMATION_FORMAT = dwarf;
				DEVELOPMENT_TEAM = C7AS5D38Q8;
				ENABLE_STRICT_OBJC_MSGSEND = YES;
				ENABLE_TESTABILITY = YES;
				ENABLE_USER_SCRIPT_SANDBOXING = YES;
				GCC_C_LANGUAGE_STANDARD = gnu17;
				GCC_DYNAMIC_NO_PIC = NO;
				GCC_NO_COMMON_BLOCKS = YES;
				GCC_OPTIMIZATION_LEVEL = 0;
				GCC_PREPROCESSOR_DEFINITIONS = (
					"DEBUG=1",
					"$(inherited)",
				);
				GCC_WARN_64_TO_32_BIT_CONVERSION = YES;
				GCC_WARN_ABOUT_RETURN_TYPE = YES_ERROR;
				GCC_WARN_UNDECLARED_SELECTOR = YES;
				GCC_WARN_UNINITIALIZED_AUTOS = YES_AGGRESSIVE;
				GCC_WARN_UNUSED_FUNCTION = YES;
				GCC_WARN_UNUSED_VARIABLE = YES;
				IPHONEOS_DEPLOYMENT_TARGET = 17.0;
				LOCALIZATION_PREFERS_STRING_CATALOGS = YES;
				MTL_ENABLE_DEBUG_INFO = INCLUDE_SOURCE;
				MTL_FAST_MATH = YES;
				ONLY_ACTIVE_ARCH = YES;
				SDKROOT = iphoneos;
				SWIFT_ACTIVE_COMPILATION_CONDITIONS = "DEBUG $(inherited)";
				SWIFT_EMIT_LOC_STRINGS = YES;
				SWIFT_OPTIMIZATION_LEVEL = "-Onone";
			};
			name = Debug;
		};
		CB1C106F2F23B81600B74CD8 /* Release */ = {
			isa = XCBuildConfiguration;
			buildSettings = {
				ALWAYS_SEARCH_USER_PATHS = NO;
				ASSETCATALOG_COMPILER_GENERATE_SWIFT_ASSET_SYMBOL_EXTENSIONS = YES;
				CLANG_ANALYZER_NONNULL = YES;
				CLANG_ANALYZER_NUMBER_OBJECT_CONVERSION = YES_AGGRESSIVE;
				CLANG_CXX_LANGUAGE_STANDARD = "gnu++20";
				CLANG_ENABLE_MODULES = YES;
				CLANG_ENABLE_OBJC_ARC = YES;
				CLANG_ENABLE_OBJC_WEAK = YES;
				CLANG_WARN_BLOCK_CAPTURE_AUTORELEASING = YES;
				CLANG_WARN_BOOL_CONVERSION = YES;
				CLANG_WARN_COMMA = YES;
				CLANG_WARN_CONSTANT_CONVERSION = YES;
				CLANG_WARN_DEPRECATED_OBJC_IMPLEMENTATIONS = YES;
				CLANG_WARN_DIRECT_OBJC_ISA_USAGE = YES_ERROR;
				CLANG_WARN_DOCUMENTATION_COMMENTS = YES;
				CLANG_WARN_EMPTY_BODY = YES;
				CLANG_WARN_ENUM_CONVERSION = YES;
				CLANG_WARN_INFINITE_RECURSION = YES;
				CLANG_WARN_INT_CONVERSION = YES;
				CLANG_WARN_NON_LITERAL_NULL_CONVERSION = YES;
				CLANG_WARN_OBJC_IMPLICIT_RETAIN_SELF = YES;
				CLANG_WARN_OBJC_LITERAL_CONVERSION = YES;
				CLANG_WARN_OBJC_ROOT_CLASS = YES_ERROR;
				CLANG_WARN_QUOTED_INCLUDE_IN_FRAMEWORK_HEADER = YES;
				CLANG_WARN_RANGE_LOOP_ANALYSIS = YES;
				CLANG_WARN_STRICT_PROTOTYPES = YES;
				CLANG_WARN_SUSPICIOUS_MOVE = YES;
				CLANG_WARN_UNGUARDED_AVAILABILITY = YES_AGGRESSIVE;
				CLANG_WARN_UNREACHABLE_CODE = YES;
				CLANG_WARN__DUPLICATE_METHOD_MATCH = YES;
				COPY_PHASE_STRIP = NO;
				DEBUG_INFORMATION_FORMAT = "dwarf-with-dsym";
				DEVELOPMENT_TEAM = C7AS5D38Q8;
				ENABLE_NS_ASSERTIONS = NO;
				ENABLE_STRICT_OBJC_MSGSEND = YES;
				ENABLE_USER_SCRIPT_SANDBOXING = YES;
				GCC_C_LANGUAGE_STANDARD = gnu17;
				GCC_NO_COMMON_BLOCKS = YES;
				GCC_WARN_64_TO_32_BIT_CONVERSION = YES;
				GCC_WARN_ABOUT_RETURN_TYPE = YES_ERROR;
				GCC_WARN_UNDECLARED_SELECTOR = YES;
				GCC_WARN_UNINITIALIZED_AUTOS = YES_AGGRESSIVE;
				GCC_WARN_UNUSED_FUNCTION = YES;
				GCC_WARN_UNUSED_VARIABLE = YES;
				IPHONEOS_DEPLOYMENT_TARGET = 17.0;
				LOCALIZATION_PREFERS_STRING_CATALOGS = YES;
				MTL_ENABLE_DEBUG_INFO = NO;
				MTL_FAST_MATH = YES;
				SDKROOT = iphoneos;
				SWIFT_COMPILATION_MODE = wholemodule;
				SWIFT_EMIT_LOC_STRINGS = YES;
				VALIDATE_PRODUCT = YES;
			};
			name = Release;
		};
		CB1C10712F23B81600B74CD8 /* Debug */ = {
			isa = XCBuildConfiguration;
			buildSettings = {
				ASSETCATALOG_COMPILER_APPICON_NAME = AppIcon;
				ASSETCATALOG_COMPILER_GLOBAL_ACCENT_COLOR_NAME = AccentColor;
				CODE_SIGN_ENTITLEMENTS = Anywhere/Anywhere.entitlements;
				CODE_SIGN_STYLE = Automatic;
				CURRENT_PROJECT_VERSION = 168;
				DEVELOPMENT_TEAM = C7AS5D38Q8;
				ENABLE_PREVIEWS = YES;
				GENERATE_INFOPLIST_FILE = YES;
				INFOPLIST_FILE = Anywhere/Info.plist;
				INFOPLIST_KEY_CFBundleDisplayName = Anywhere;
				INFOPLIST_KEY_ITSAppUsesNonExemptEncryption = NO;
				INFOPLIST_KEY_LSApplicationCategoryType = "public.app-category.utilities";
				INFOPLIST_KEY_NSCameraUsageDescription = "Anywhere need your camera permission to scan QR Code.";
				INFOPLIST_KEY_UIApplicationSceneManifest_Generation = YES;
				INFOPLIST_KEY_UIApplicationSupportsIndirectInputEvents = YES;
				INFOPLIST_KEY_UILaunchScreen_Generation = YES;
				INFOPLIST_KEY_UISupportedInterfaceOrientations_iPad = "UIInterfaceOrientationPortrait UIInterfaceOrientationPortraitUpsideDown UIInterfaceOrientationLandscapeLeft UIInterfaceOrientationLandscapeRight";
				INFOPLIST_KEY_UISupportedInterfaceOrientations_iPhone = "UIInterfaceOrientationPortrait UIInterfaceOrientationLandscapeLeft UIInterfaceOrientationLandscapeRight";
				IPHONEOS_DEPLOYMENT_TARGET = 17.0;
				LD_RUNPATH_SEARCH_PATHS = (
					"$(inherited)",
					"@executable_path/Frameworks",
				);
				MARKETING_VERSION = 1.7;
				PRODUCT_BUNDLE_IDENTIFIER = com.argsment.Anywhere;
				PRODUCT_NAME = "$(TARGET_NAME)";
				STRING_CATALOG_GENERATE_SYMBOLS = YES;
				SWIFT_APPROACHABLE_CONCURRENCY = YES;
				SWIFT_DEFAULT_ACTOR_ISOLATION = MainActor;
				SWIFT_EMIT_LOC_STRINGS = YES;
				SWIFT_UPCOMING_FEATURE_MEMBER_IMPORT_VISIBILITY = YES;
				SWIFT_VERSION = 5.0;
				TARGETED_DEVICE_FAMILY = "1,2";
			};
			name = Debug;
		};
		CB1C10722F23B81600B74CD8 /* Release */ = {
			isa = XCBuildConfiguration;
			buildSettings = {
				ASSETCATALOG_COMPILER_APPICON_NAME = AppIcon;
				ASSETCATALOG_COMPILER_GLOBAL_ACCENT_COLOR_NAME = AccentColor;
				CODE_SIGN_ENTITLEMENTS = Anywhere/Anywhere.entitlements;
				CODE_SIGN_STYLE = Automatic;
				CURRENT_PROJECT_VERSION = 168;
				DEVELOPMENT_TEAM = C7AS5D38Q8;
				ENABLE_PREVIEWS = YES;
				GENERATE_INFOPLIST_FILE = YES;
				INFOPLIST_FILE = Anywhere/Info.plist;
				INFOPLIST_KEY_CFBundleDisplayName = Anywhere;
				INFOPLIST_KEY_ITSAppUsesNonExemptEncryption = NO;
				INFOPLIST_KEY_LSApplicationCategoryType = "public.app-category.utilities";
				INFOPLIST_KEY_NSCameraUsageDescription = "Anywhere need your camera permission to scan QR Code.";
				INFOPLIST_KEY_UIApplicationSceneManifest_Generation = YES;
				INFOPLIST_KEY_UIApplicationSupportsIndirectInputEvents = YES;
				INFOPLIST_KEY_UILaunchScreen_Generation = YES;
				INFOPLIST_KEY_UISupportedInterfaceOrientations_iPad = "UIInterfaceOrientationPortrait UIInterfaceOrientationPortraitUpsideDown UIInterfaceOrientationLandscapeLeft UIInterfaceOrientationLandscapeRight";
				INFOPLIST_KEY_UISupportedInterfaceOrientations_iPhone = "UIInterfaceOrientationPortrait UIInterfaceOrientationLandscapeLeft UIInterfaceOrientationLandscapeRight";
				IPHONEOS_DEPLOYMENT_TARGET = 17.0;
				LD_RUNPATH_SEARCH_PATHS = (
					"$(inherited)",
					"@executable_path/Frameworks",
				);
				MARKETING_VERSION = 1.7;
				PRODUCT_BUNDLE_IDENTIFIER = com.argsment.Anywhere;
				PRODUCT_NAME = "$(TARGET_NAME)";
				STRING_CATALOG_GENERATE_SYMBOLS = YES;
				SWIFT_APPROACHABLE_CONCURRENCY = YES;
				SWIFT_DEFAULT_ACTOR_ISOLATION = MainActor;
				SWIFT_EMIT_LOC_STRINGS = YES;
				SWIFT_UPCOMING_FEATURE_MEMBER_IMPORT_VISIBILITY = YES;
				SWIFT_VERSION = 5.0;
				TARGETED_DEVICE_FAMILY = "1,2";
			};
			name = Release;
		};
		CB1C10852F23B82F00B74CD8 /* Debug */ = {
			isa = XCBuildConfiguration;
			buildSettings = {
				CLANG_ENABLE_MODULES = NO;
				CODE_SIGN_ENTITLEMENTS = "Anywhere Network Extension/Anywhere Network Extension.entitlements";
				CODE_SIGN_STYLE = Automatic;
				CURRENT_PROJECT_VERSION = 168;
				DEVELOPMENT_TEAM = C7AS5D38Q8;
				GENERATE_INFOPLIST_FILE = YES;
				HEADER_SEARCH_PATHS = (
					"\"$(SRCROOT)/Anywhere Network Extension/lwip/src/include\"",
					"\"$(SRCROOT)/Anywhere Network Extension/lwip/port\"",
				);
				INFOPLIST_FILE = "Anywhere Network Extension/Info.plist";
				INFOPLIST_KEY_CFBundleDisplayName = "Anywhere Network Extension";
				INFOPLIST_KEY_NSHumanReadableCopyright = "";
				IPHONEOS_DEPLOYMENT_TARGET = 17.0;
				LD_RUNPATH_SEARCH_PATHS = (
					"$(inherited)",
					"@executable_path/Frameworks",
					"@executable_path/../../Frameworks",
				);
				MARKETING_VERSION = 1.7;
				PRODUCT_BUNDLE_IDENTIFIER = "com.argsment.Anywhere.Network-Extension";
				PRODUCT_NAME = "$(TARGET_NAME)";
				SKIP_INSTALL = YES;
				STRING_CATALOG_GENERATE_SYMBOLS = YES;
				SUPPORTED_PLATFORMS = "appletvos appletvsimulator iphoneos iphonesimulator";
				SUPPORTS_MACCATALYST = NO;
				SWIFT_ACTIVE_COMPILATION_CONDITIONS = "$(inherited) NETWORK_EXTENSION";
				SWIFT_APPROACHABLE_CONCURRENCY = YES;
				SWIFT_EMIT_LOC_STRINGS = YES;
				SWIFT_OBJC_BRIDGING_HEADER = "Anywhere Network Extension/BridgingHeader.h";
				SWIFT_UPCOMING_FEATURE_MEMBER_IMPORT_VISIBILITY = YES;
				SWIFT_VERSION = 5.0;
				TARGETED_DEVICE_FAMILY = "1,2,3";
				TVOS_DEPLOYMENT_TARGET = 17.0;
			};
			name = Debug;
		};
		CB1C10862F23B82F00B74CD8 /* Release */ = {
			isa = XCBuildConfiguration;
			buildSettings = {
				CLANG_ENABLE_MODULES = NO;
				CODE_SIGN_ENTITLEMENTS = "Anywhere Network Extension/Anywhere Network Extension.entitlements";
				CODE_SIGN_STYLE = Automatic;
				CURRENT_PROJECT_VERSION = 168;
				DEVELOPMENT_TEAM = C7AS5D38Q8;
				GENERATE_INFOPLIST_FILE = YES;
				HEADER_SEARCH_PATHS = (
					"\"$(SRCROOT)/Anywhere Network Extension/lwip/src/include\"",
					"\"$(SRCROOT)/Anywhere Network Extension/lwip/port\"",
				);
				INFOPLIST_FILE = "Anywhere Network Extension/Info.plist";
				INFOPLIST_KEY_CFBundleDisplayName = "Anywhere Network Extension";
				INFOPLIST_KEY_NSHumanReadableCopyright = "";
				IPHONEOS_DEPLOYMENT_TARGET = 17.0;
				LD_RUNPATH_SEARCH_PATHS = (
					"$(inherited)",
					"@executable_path/Frameworks",
					"@executable_path/../../Frameworks",
				);
				MARKETING_VERSION = 1.7;
				PRODUCT_BUNDLE_IDENTIFIER = "com.argsment.Anywhere.Network-Extension";
				PRODUCT_NAME = "$(TARGET_NAME)";
				SKIP_INSTALL = YES;
				STRING_CATALOG_GENERATE_SYMBOLS = YES;
				SUPPORTED_PLATFORMS = "appletvos appletvsimulator iphoneos iphonesimulator";
				SUPPORTS_MACCATALYST = NO;
				SWIFT_ACTIVE_COMPILATION_CONDITIONS = "$(inherited) NETWORK_EXTENSION";
				SWIFT_APPROACHABLE_CONCURRENCY = YES;
				SWIFT_EMIT_LOC_STRINGS = YES;
				SWIFT_OBJC_BRIDGING_HEADER = "Anywhere Network Extension/BridgingHeader.h";
				SWIFT_UPCOMING_FEATURE_MEMBER_IMPORT_VISIBILITY = YES;
				SWIFT_VERSION = 5.0;
				TARGETED_DEVICE_FAMILY = "1,2,3";
				TVOS_DEPLOYMENT_TARGET = 17.0;
			};
			name = Release;
		};
		CB2B54AB2F6C3E2800F24AC2 /* Debug */ = {
			isa = XCBuildConfiguration;
			buildSettings = {
				ASSETCATALOG_COMPILER_APPICON_NAME = "App Icon & Top Shelf Image";
				ASSETCATALOG_COMPILER_GLOBAL_ACCENT_COLOR_NAME = AccentColor;
				CODE_SIGN_ENTITLEMENTS = "Anywhere TV/Anywhere TV.entitlements";
				CODE_SIGN_STYLE = Automatic;
				CURRENT_PROJECT_VERSION = 168;
				DEVELOPMENT_TEAM = C7AS5D38Q8;
				GENERATE_INFOPLIST_FILE = YES;
				INFOPLIST_FILE = "Anywhere TV/Info.plist";
				INFOPLIST_KEY_CFBundleDisplayName = Anywhere;
				INFOPLIST_KEY_ITSAppUsesNonExemptEncryption = NO;
				INFOPLIST_KEY_LSApplicationCategoryType = "public.app-category.utilities";
				INFOPLIST_KEY_UILaunchStoryboardName = LaunchScreen;
				INFOPLIST_KEY_UIMainStoryboardFile = Main;
				INFOPLIST_KEY_UIUserInterfaceStyle = Automatic;
				LD_RUNPATH_SEARCH_PATHS = (
					"$(inherited)",
					"@executable_path/Frameworks",
				);
				MARKETING_VERSION = 1.7;
				PRODUCT_BUNDLE_IDENTIFIER = com.argsment.Anywhere;
				PRODUCT_NAME = "$(TARGET_NAME)";
				SDKROOT = appletvos;
				STRING_CATALOG_GENERATE_SYMBOLS = YES;
				SWIFT_APPROACHABLE_CONCURRENCY = YES;
				SWIFT_DEFAULT_ACTOR_ISOLATION = MainActor;
				SWIFT_EMIT_LOC_STRINGS = YES;
				SWIFT_UPCOMING_FEATURE_MEMBER_IMPORT_VISIBILITY = YES;
				SWIFT_VERSION = 5.0;
				TARGETED_DEVICE_FAMILY = 3;
				TVOS_DEPLOYMENT_TARGET = 17.0;
			};
			name = Debug;
		};
		CB2B54AC2F6C3E2800F24AC2 /* Release */ = {
			isa = XCBuildConfiguration;
			buildSettings = {
				ASSETCATALOG_COMPILER_APPICON_NAME = "App Icon & Top Shelf Image";
				ASSETCATALOG_COMPILER_GLOBAL_ACCENT_COLOR_NAME = AccentColor;
				CODE_SIGN_ENTITLEMENTS = "Anywhere TV/Anywhere TV.entitlements";
				CODE_SIGN_STYLE = Automatic;
				CURRENT_PROJECT_VERSION = 168;
				DEVELOPMENT_TEAM = C7AS5D38Q8;
				GENERATE_INFOPLIST_FILE = YES;
				INFOPLIST_FILE = "Anywhere TV/Info.plist";
				INFOPLIST_KEY_CFBundleDisplayName = Anywhere;
				INFOPLIST_KEY_ITSAppUsesNonExemptEncryption = NO;
				INFOPLIST_KEY_LSApplicationCategoryType = "public.app-category.utilities";
				INFOPLIST_KEY_UILaunchStoryboardName = LaunchScreen;
				INFOPLIST_KEY_UIMainStoryboardFile = Main;
				INFOPLIST_KEY_UIUserInterfaceStyle = Automatic;
				LD_RUNPATH_SEARCH_PATHS = (
					"$(inherited)",
					"@executable_path/Frameworks",
				);
				MARKETING_VERSION = 1.7;
				PRODUCT_BUNDLE_IDENTIFIER = com.argsment.Anywhere;
				PRODUCT_NAME = "$(TARGET_NAME)";
				SDKROOT = appletvos;
				STRING_CATALOG_GENERATE_SYMBOLS = YES;
				SWIFT_APPROACHABLE_CONCURRENCY = YES;
				SWIFT_DEFAULT_ACTOR_ISOLATION = MainActor;
				SWIFT_EMIT_LOC_STRINGS = YES;
				SWIFT_UPCOMING_FEATURE_MEMBER_IMPORT_VISIBILITY = YES;
				SWIFT_VERSION = 5.0;
				TARGETED_DEVICE_FAMILY = 3;
				TVOS_DEPLOYMENT_TARGET = 17.0;
			};
			name = Release;
		};
		CB71CDD52F837D11002B9E1D /* Debug */ = {
			isa = XCBuildConfiguration;
			buildSettings = {
				ASSETCATALOG_COMPILER_GLOBAL_ACCENT_COLOR_NAME = AccentColor;
				ASSETCATALOG_COMPILER_WIDGET_BACKGROUND_COLOR_NAME = WidgetBackground;
				CODE_SIGN_ENTITLEMENTS = "Anywhere Widget/Anywhere Widget.entitlements";
				CODE_SIGN_STYLE = Automatic;
				CURRENT_PROJECT_VERSION = 168;
				DEVELOPMENT_TEAM = C7AS5D38Q8;
				GENERATE_INFOPLIST_FILE = YES;
				INFOPLIST_FILE = "Anywhere Widget/Info.plist";
				INFOPLIST_KEY_CFBundleDisplayName = Widget;
				INFOPLIST_KEY_NSHumanReadableCopyright = "";
				IPHONEOS_DEPLOYMENT_TARGET = 17.0;
				LD_RUNPATH_SEARCH_PATHS = (
					"$(inherited)",
					"@executable_path/Frameworks",
					"@executable_path/../../Frameworks",
				);
				MARKETING_VERSION = 1.7;
				PRODUCT_BUNDLE_IDENTIFIER = com.argsment.Anywhere.Widget;
				PRODUCT_NAME = "$(TARGET_NAME)";
				SKIP_INSTALL = YES;
				STRING_CATALOG_GENERATE_SYMBOLS = YES;
				SWIFT_APPROACHABLE_CONCURRENCY = YES;
				SWIFT_EMIT_LOC_STRINGS = YES;
				SWIFT_UPCOMING_FEATURE_MEMBER_IMPORT_VISIBILITY = YES;
				SWIFT_VERSION = 5.0;
				TARGETED_DEVICE_FAMILY = "1,2";
			};
			name = Debug;
		};
		CB71CDD62F837D11002B9E1D /* Release */ = {
			isa = XCBuildConfiguration;
			buildSettings = {
				ASSETCATALOG_COMPILER_GLOBAL_ACCENT_COLOR_NAME = AccentColor;
				ASSETCATALOG_COMPILER_WIDGET_BACKGROUND_COLOR_NAME = WidgetBackground;
				CODE_SIGN_ENTITLEMENTS = "Anywhere Widget/Anywhere Widget.entitlements";
				CODE_SIGN_STYLE = Automatic;
				CURRENT_PROJECT_VERSION = 168;
				DEVELOPMENT_TEAM = C7AS5D38Q8;
				GENERATE_INFOPLIST_FILE = YES;
				INFOPLIST_FILE = "Anywhere Widget/Info.plist";
				INFOPLIST_KEY_CFBundleDisplayName = Widget;
				INFOPLIST_KEY_NSHumanReadableCopyright = "";
				IPHONEOS_DEPLOYMENT_TARGET = 17.0;
				LD_RUNPATH_SEARCH_PATHS = (
					"$(inherited)",
					"@executable_path/Frameworks",
					"@executable_path/../../Frameworks",
				);
				MARKETING_VERSION = 1.7;
				PRODUCT_BUNDLE_IDENTIFIER = com.argsment.Anywhere.Widget;
				PRODUCT_NAME = "$(TARGET_NAME)";
				SKIP_INSTALL = YES;
				STRING_CATALOG_GENERATE_SYMBOLS = YES;
				SWIFT_APPROACHABLE_CONCURRENCY = YES;
				SWIFT_EMIT_LOC_STRINGS = YES;
				SWIFT_UPCOMING_FEATURE_MEMBER_IMPORT_VISIBILITY = YES;
				SWIFT_VERSION = 5.0;
				TARGETED_DEVICE_FAMILY = "1,2";
			};
			name = Release;
		};
/* End XCBuildConfiguration section */

/* Begin XCConfigurationList section */
		CB1C10602F23B81500B74CD8 /* Build configuration list for PBXProject "Anywhere" */ = {
			isa = XCConfigurationList;
			buildConfigurations = (
				CB1C106E2F23B81600B74CD8 /* Debug */,
				CB1C106F2F23B81600B74CD8 /* Release */,
			);
			defaultConfigurationIsVisible = 0;
			defaultConfigurationName = Release;
		};
		CB1C10702F23B81600B74CD8 /* Build configuration list for PBXNativeTarget "Anywhere" */ = {
			isa = XCConfigurationList;
			buildConfigurations = (
				CB1C10712F23B81600B74CD8 /* Debug */,
				CB1C10722F23B81600B74CD8 /* Release */,
			);
			defaultConfigurationIsVisible = 0;
			defaultConfigurationName = Release;
		};
		CB1C10842F23B82F00B74CD8 /* Build configuration list for PBXNativeTarget "Anywhere Network Extension" */ = {
			isa = XCConfigurationList;
			buildConfigurations = (
				CB1C10852F23B82F00B74CD8 /* Debug */,
				CB1C10862F23B82F00B74CD8 /* Release */,
			);
			defaultConfigurationIsVisible = 0;
			defaultConfigurationName = Release;
		};
		CB2B54AA2F6C3E2800F24AC2 /* Build configuration list for PBXNativeTarget "Anywhere TV" */ = {
			isa = XCConfigurationList;
			buildConfigurations = (
				CB2B54AB2F6C3E2800F24AC2 /* Debug */,
				CB2B54AC2F6C3E2800F24AC2 /* Release */,
			);
			defaultConfigurationIsVisible = 0;
			defaultConfigurationName = Release;
		};
		CB71CDD72F837D11002B9E1D /* Build configuration list for PBXNativeTarget "Anywhere Widget" */ = {
			isa = XCConfigurationList;
			buildConfigurations = (
				CB71CDD52F837D11002B9E1D /* Debug */,
				CB71CDD62F837D11002B9E1D /* Release */,
			);
			defaultConfigurationIsVisible = 0;
			defaultConfigurationName = Release;
		};
/* End XCConfigurationList section */

/* Begin XCRemoteSwiftPackageReference section */
		CB2B9C902F77722600F24AC2 /* XCRemoteSwiftPackageReference "BLAKE3" */ = {
			isa = XCRemoteSwiftPackageReference;
			repositoryURL = "https://github.com/Argsment/BLAKE3.git";
			requirement = {
				branch = main;
				kind = branch;
			};
		};
		CB2BA8522F7821F400F24AC2 /* XCRemoteSwiftPackageReference "YAML" */ = {
			isa = XCRemoteSwiftPackageReference;
			repositoryURL = "https://github.com/Argsment/YAML.git";
			requirement = {
				branch = main;
				kind = branch;
			};
		};
/* End XCRemoteSwiftPackageReference section */

/* Begin XCSwiftPackageProductDependency section */
		CB2B9C912F77722600F24AC2 /* BLAKE3 */ = {
			isa = XCSwiftPackageProductDependency;
			package = CB2B9C902F77722600F24AC2 /* XCRemoteSwiftPackageReference "BLAKE3" */;
			productName = BLAKE3;
		};
		CB2B9C932F77724D00F24AC2 /* BLAKE3 */ = {
			isa = XCSwiftPackageProductDependency;
			package = CB2B9C902F77722600F24AC2 /* XCRemoteSwiftPackageReference "BLAKE3" */;
			productName = BLAKE3;
		};
		CB2B9C952F77725900F24AC2 /* BLAKE3 */ = {
			isa = XCSwiftPackageProductDependency;
			package = CB2B9C902F77722600F24AC2 /* XCRemoteSwiftPackageReference "BLAKE3" */;
			productName = BLAKE3;
		};
		CB2BA8532F7821F400F24AC2 /* YAML */ = {
			isa = XCSwiftPackageProductDependency;
			package = CB2BA8522F7821F400F24AC2 /* XCRemoteSwiftPackageReference "YAML" */;
			productName = YAML;
		};
		CB2BA8552F78220C00F24AC2 /* YAML */ = {
			isa = XCSwiftPackageProductDependency;
			package = CB2BA8522F7821F400F24AC2 /* XCRemoteSwiftPackageReference "YAML" */;
			productName = YAML;
		};
/* End XCSwiftPackageProductDependency section */
	};
	rootObject = CB1C105D2F23B81500B74CD8 /* Project object */;
}
